
Microsoft Visual Studio Solution File, Format Version 12.00
# Visual Studio Version 16
VisualStudioVersion = 16.0.31424.327
MinimumVisualStudioVersion = 10.0.40219.1
Project("{FAE04EC0-301F-11D3-BF4B-00C04F79EFBC}") = "BWFinder", "BWFinder\BWFinder.csproj", "{52279C2A-8B23-40D6-BB8C-BC1B08385AB6}"
EndProject
Global
	GlobalSection(SolutionConfigurationPlatforms) = preSolution
		Debug|Any CPU = Debug|Any CPU
		Release|Any CPU = Release|Any CPU
	EndGlobalSection
	GlobalSection(ProjectConfigurationPlatforms) = postSolution
		{52279C2A-8B23-40D6-BB8C-BC1B08385AB6}.Debug|Any CPU.ActiveCfg = Debug|Any CPU
		{52279C2A-8B23-40D6-BB8C-BC1B08385AB6}.Debug|Any CPU.Build.0 = Debug|Any CPU
		{52279C2A-8B23-40D6-BB8C-BC1B08385AB6}.Release|Any CPU.ActiveCfg = Release|Any CPU
		{52279C2A-8B23-40D6-BB8C-BC1B08385AB6}.Release|Any CPU.Build.0 = Release|Any CPU
	EndGlobalSection
	GlobalSection(SolutionProperties) = preSolution
		HideSolutionNode = FALSE
	EndGlobalSection
	GlobalSection(ExtensibilityGlobals) = postSolution
		SolutionGuid = {E0751CD1-CB8F-4F8D-9956-D5522E9A2617}
	EndGlobalSection
EndGlobal
